
Microsoft Visual Studio Solution File, Format Version 12.00
# Visual Studio Version 17
VisualStudioVersion = 17.2.32630.192
MinimumVisualStudioVersion = 10.0.40219.1
Project("{FAE04EC0-301F-11D3-BF4B-00C04F79EFBC}") = "CapaPresentacion", "CapaPresentacion\CapaPresentacion.csproj", "{BED2A9FD-128D-4818-8FD3-18F0F5C0B44D}"
EndProject
Project("{FAE04EC0-301F-11D3-BF4B-00C04F79EFBC}") = "CapaDatos", "CapaDatos\CapaDatos.csproj", "{F3E94D03-550F-428B-9182-EF6AA229EE0D}"
EndProject
Project("{FAE04EC0-301F-11D3-BF4B-00C04F79EFBC}") = "CapaEntidad", "CapaEntidad\CapaEntidad.csproj", "{EB3B55F9-D854-49C4-959C-11EB147D0B52}"
EndProject
Project("{FAE04EC0-301F-11D3-BF4B-00C04F79EFBC}") = "CapaNegocio", "CapaNegocio\CapaNegocio.csproj", "{49767BE1-E400-49F0-8AD0-7F32D9C404A5}"
EndProject
Global
	GlobalSection(SolutionConfigurationPlatforms) = preSolution
		Debug|Any CPU = Debug|Any CPU
		Release|Any CPU = Release|Any CPU
	EndGlobalSection
	GlobalSection(ProjectConfigurationPlatforms) = postSolution
		{BED2A9FD-128D-4818-8FD3-18F0F5C0B44D}.Debug|Any CPU.ActiveCfg = Debug|Any CPU
		{BED2A9FD-128D-4818-8FD3-18F0F5C0B44D}.Debug|Any CPU.Build.0 = Debug|Any CPU
		{BED2A9FD-128D-4818-8FD3-18F0F5C0B44D}.Release|Any CPU.ActiveCfg = Release|Any CPU
		{BED2A9FD-128D-4818-8FD3-18F0F5C0B44D}.Release|Any CPU.Build.0 = Release|Any CPU
		{F3E94D03-550F-428B-9182-EF6AA229EE0D}.Debug|Any CPU.ActiveCfg = Debug|Any CPU
		{F3E94D03-550F-428B-9182-EF6AA229EE0D}.Debug|Any CPU.Build.0 = Debug|Any CPU
		{F3E94D03-550F-428B-9182-EF6AA229EE0D}.Release|Any CPU.ActiveCfg = Release|Any CPU
		{F3E94D03-550F-428B-9182-EF6AA229EE0D}.Release|Any CPU.Build.0 = Release|Any CPU
		{EB3B55F9-D854-49C4-959C-11EB147D0B52}.Debug|Any CPU.ActiveCfg = Debug|Any CPU
		{EB3B55F9-D854-49C4-959C-11EB147D0B52}.Debug|Any CPU.Build.0 = Debug|Any CPU
		{EB3B55F9-D854-49C4-959C-11EB147D0B52}.Release|Any CPU.ActiveCfg = Release|Any CPU
		{EB3B55F9-D854-49C4-959C-11EB147D0B52}.Release|Any CPU.Build.0 = Release|Any CPU
		{49767BE1-E400-49F0-8AD0-7F32D9C404A5}.Debug|Any CPU.ActiveCfg = Debug|Any CPU
		{49767BE1-E400-49F0-8AD0-7F32D9C404A5}.Debug|Any CPU.Build.0 = Debug|Any CPU
		{49767BE1-E400-49F0-8AD0-7F32D9C404A5}.Release|Any CPU.ActiveCfg = Release|Any CPU
		{49767BE1-E400-49F0-8AD0-7F32D9C404A5}.Release|Any CPU.Build.0 = Release|Any CPU
	EndGlobalSection
	GlobalSection(SolutionProperties) = preSolution
		HideSolutionNode = FALSE
	EndGlobalSection
	GlobalSection(ExtensibilityGlobals) = postSolution
		SolutionGuid = {A7BE814B-9A3A-4745-96EC-21B351787DC2}
	EndGlobalSection
EndGlobal
